{
  "object": {
    "pins": [
      {
        "package": "SDEFinitely",
        "repositoryURL": "https://github.com/ThatsJustCheesy/SDEFinitely",
        "state": {
          "branch": null,
          "revision": "824fdabbc2b23c2da0b50eb2edb158d0a8ebd643",
          "version": "1.2.0"
        }
      }
    ]
  },
  "version": 1
}
